
Microsoft Visual Studio Solution File, Format Version 12.00
# Visual Studio Version 17
VisualStudioVersion = 17.9.34518.117
MinimumVisualStudioVersion = 10.0.40219.1
Project("{9A19103F-16F7-4668-BE54-9A1E7A4F7556}") = "CeramWorkshop.Client", "CeramWorkshop.Client\CeramWorkshop.Client.csproj", "{3A553F00-CBF5-4949-8965-9B1DCDD25AC4}"
EndProject
Project("{FAE04EC0-301F-11D3-BF4B-00C04F79EFBC}") = "CeramWorkshop.Data.Repository", "CeramWorkshop.Data.Repository\CeramWorkshop.Data.Repository.csproj", "{AD8B2DE7-B3B3-4F04-8C11-B862BAA51B0E}"
EndProject
Project("{FAE04EC0-301F-11D3-BF4B-00C04F79EFBC}") = "CeramWorkshop.Data.Domain", "CeramWorkshop.Data.Domain\CeramWorkshop.Data.Domain.csproj", "{E3EBEA71-AD96-4357-96F0-AAE41EBDB860}"
EndProject
Global
	GlobalSection(SolutionConfigurationPlatforms) = preSolution
		Debug|Any CPU = Debug|Any CPU
		Release|Any CPU = Release|Any CPU
	EndGlobalSection
	GlobalSection(ProjectConfigurationPlatforms) = postSolution
		{3A553F00-CBF5-4949-8965-9B1DCDD25AC4}.Debug|Any CPU.ActiveCfg = Debug|Any CPU
		{3A553F00-CBF5-4949-8965-9B1DCDD25AC4}.Debug|Any CPU.Build.0 = Debug|Any CPU
		{3A553F00-CBF5-4949-8965-9B1DCDD25AC4}.Release|Any CPU.ActiveCfg = Release|Any CPU
		{3A553F00-CBF5-4949-8965-9B1DCDD25AC4}.Release|Any CPU.Build.0 = Release|Any CPU
		{AD8B2DE7-B3B3-4F04-8C11-B862BAA51B0E}.Debug|Any CPU.ActiveCfg = Debug|Any CPU
		{AD8B2DE7-B3B3-4F04-8C11-B862BAA51B0E}.Debug|Any CPU.Build.0 = Debug|Any CPU
		{AD8B2DE7-B3B3-4F04-8C11-B862BAA51B0E}.Release|Any CPU.ActiveCfg = Release|Any CPU
		{AD8B2DE7-B3B3-4F04-8C11-B862BAA51B0E}.Release|Any CPU.Build.0 = Release|Any CPU
		{E3EBEA71-AD96-4357-96F0-AAE41EBDB860}.Debug|Any CPU.ActiveCfg = Debug|Any CPU
		{E3EBEA71-AD96-4357-96F0-AAE41EBDB860}.Debug|Any CPU.Build.0 = Debug|Any CPU
		{E3EBEA71-AD96-4357-96F0-AAE41EBDB860}.Release|Any CPU.ActiveCfg = Release|Any CPU
		{E3EBEA71-AD96-4357-96F0-AAE41EBDB860}.Release|Any CPU.Build.0 = Release|Any CPU
	EndGlobalSection
	GlobalSection(SolutionProperties) = preSolution
		HideSolutionNode = FALSE
	EndGlobalSection
	GlobalSection(ExtensibilityGlobals) = postSolution
		SolutionGuid = {A7EB3F54-6FB4-41F1-A63A-375F1FD74402}
	EndGlobalSection
EndGlobal
